
Microsoft Visual Studio Solution File, Format Version 12.00
# Visual Studio 15
VisualStudioVersion = 15.0.27703.2000
MinimumVisualStudioVersion = 10.0.40219.1
Project("{FAE04EC0-301F-11D3-BF4B-00C04F79EFBC}") = "Winmed", "Winmed\Winmed.csproj", "{9042749C-8DF8-4B0E-8435-A589A587BBE2}"
EndProject
Project("{E24C65DC-7377-472B-9ABA-BC803B73C61A}") = "node_modules", "Winmed\node_modules\", "{EF19953C-4835-4A73-BD4C-CED61A9AC497}"
	ProjectSection(WebsiteProperties) = preProject
		TargetFrameworkMoniker = ".NETFramework,Version%3Dv4.0"
		Debug.AspNetCompiler.VirtualPath = "/localhost_59572"
		Debug.AspNetCompiler.PhysicalPath = "Winmed\node_modules\"
		Debug.AspNetCompiler.TargetPath = "PrecompiledWeb\localhost_59572\"
		Debug.AspNetCompiler.Updateable = "true"
		Debug.AspNetCompiler.ForceOverwrite = "true"
		Debug.AspNetCompiler.FixedNames = "false"
		Debug.AspNetCompiler.Debug = "True"
		Release.AspNetCompiler.VirtualPath = "/localhost_59572"
		Release.AspNetCompiler.PhysicalPath = "Winmed\node_modules\"
		Release.AspNetCompiler.TargetPath = "PrecompiledWeb\localhost_59572\"
		Release.AspNetCompiler.Updateable = "true"
		Release.AspNetCompiler.ForceOverwrite = "true"
		Release.AspNetCompiler.FixedNames = "false"
		Release.AspNetCompiler.Debug = "False"
		VWDPort = "59572"
		SlnRelativePath = "Winmed\node_modules\"
	EndProjectSection
EndProject
Global
	GlobalSection(SolutionConfigurationPlatforms) = preSolution
		Debug|Any CPU = Debug|Any CPU
		Release|Any CPU = Release|Any CPU
	EndGlobalSection
	GlobalSection(ProjectConfigurationPlatforms) = postSolution
		{9042749C-8DF8-4B0E-8435-A589A587BBE2}.Debug|Any CPU.ActiveCfg = Debug|Any CPU
		{9042749C-8DF8-4B0E-8435-A589A587BBE2}.Debug|Any CPU.Build.0 = Debug|Any CPU
		{9042749C-8DF8-4B0E-8435-A589A587BBE2}.Release|Any CPU.ActiveCfg = Release|Any CPU
		{9042749C-8DF8-4B0E-8435-A589A587BBE2}.Release|Any CPU.Build.0 = Release|Any CPU
		{EF19953C-4835-4A73-BD4C-CED61A9AC497}.Debug|Any CPU.ActiveCfg = Debug|Any CPU
		{EF19953C-4835-4A73-BD4C-CED61A9AC497}.Debug|Any CPU.Build.0 = Debug|Any CPU
		{EF19953C-4835-4A73-BD4C-CED61A9AC497}.Release|Any CPU.ActiveCfg = Debug|Any CPU
		{EF19953C-4835-4A73-BD4C-CED61A9AC497}.Release|Any CPU.Build.0 = Debug|Any CPU
	EndGlobalSection
	GlobalSection(SolutionProperties) = preSolution
		HideSolutionNode = FALSE
	EndGlobalSection
	GlobalSection(ExtensibilityGlobals) = postSolution
		SolutionGuid = {8B30419D-5C32-4990-8F62-69E8D82E2C6D}
	EndGlobalSection
EndGlobal
